
Microsoft Visual Studio Solution File, Format Version 12.00
# Visual Studio 15
Project("{FAE04EC0-301F-11D3-BF4B-00C04F79EFBC}") = "WordSynth", "WordSynth\WordSynth.csproj", "{C2D4234B-E745-42E1-91AB-A047564C8CEE}"
EndProject
Project("{FAE04EC0-301F-11D3-BF4B-00C04F79EFBC}") = "WordSynthTest", "WordSynthTest\WordSynthTest.csproj", "{BC801235-8D3A-4A13-968E-C474D7F52610}"
EndProject
Global
	GlobalSection(SolutionConfigurationPlatforms) = preSolution
		Debug|Any CPU = Debug|Any CPU
		Release|Any CPU = Release|Any CPU
	EndGlobalSection
	GlobalSection(ProjectConfigurationPlatforms) = postSolution
		{C2D4234B-E745-42E1-91AB-A047564C8CEE}.Debug|Any CPU.ActiveCfg = Debug|Any CPU
		{C2D4234B-E745-42E1-91AB-A047564C8CEE}.Debug|Any CPU.Build.0 = Debug|Any CPU
		{C2D4234B-E745-42E1-91AB-A047564C8CEE}.Release|Any CPU.ActiveCfg = Release|Any CPU
		{C2D4234B-E745-42E1-91AB-A047564C8CEE}.Release|Any CPU.Build.0 = Release|Any CPU
		{BC801235-8D3A-4A13-968E-C474D7F52610}.Debug|Any CPU.ActiveCfg = Debug|Any CPU
		{BC801235-8D3A-4A13-968E-C474D7F52610}.Debug|Any CPU.Build.0 = Debug|Any CPU
		{BC801235-8D3A-4A13-968E-C474D7F52610}.Release|Any CPU.ActiveCfg = Release|Any CPU
		{BC801235-8D3A-4A13-968E-C474D7F52610}.Release|Any CPU.Build.0 = Release|Any CPU
	EndGlobalSection
EndGlobal
